
Microsoft Visual Studio Solution File, Format Version 12.00
# Visual Studio Version 17
VisualStudioVersion = 17.9.34622.214
MinimumVisualStudioVersion = 10.0.40219.1
Project("{9A19103F-16F7-4668-BE54-9A1E7A4F7556}") = "MyPage", "MyPage\MyPage.csproj", "{4DFFEBFB-5B4C-44C6-BD0D-634D15F84B1D}"
EndProject
Global
	GlobalSection(SolutionConfigurationPlatforms) = preSolution
		Debug|Any CPU = Debug|Any CPU
		Release|Any CPU = Release|Any CPU
	EndGlobalSection
	GlobalSection(ProjectConfigurationPlatforms) = postSolution
		{4DFFEBFB-5B4C-44C6-BD0D-634D15F84B1D}.Debug|Any CPU.ActiveCfg = Debug|Any CPU
		{4DFFEBFB-5B4C-44C6-BD0D-634D15F84B1D}.Debug|Any CPU.Build.0 = Debug|Any CPU
		{4DFFEBFB-5B4C-44C6-BD0D-634D15F84B1D}.Release|Any CPU.ActiveCfg = Release|Any CPU
		{4DFFEBFB-5B4C-44C6-BD0D-634D15F84B1D}.Release|Any CPU.Build.0 = Release|Any CPU
	EndGlobalSection
	GlobalSection(SolutionProperties) = preSolution
		HideSolutionNode = FALSE
	EndGlobalSection
	GlobalSection(ExtensibilityGlobals) = postSolution
		SolutionGuid = {AB2876F6-8DA4-4EE6-841F-0B83A1B5789C}
	EndGlobalSection
EndGlobal
